
Microsoft Visual Studio Solution File, Format Version 12.00
# Visual Studio Version 16
VisualStudioVersion = 16.0.29509.3
MinimumVisualStudioVersion = 10.0.40219.1
Project("{FAE04EC0-301F-11D3-BF4B-00C04F79EFBC}") = "Agents.Net", "Agents.Net\Agents.Net.csproj", "{F3E35A49-2597-4447-8DEA-D2AC14CCD054}"
EndProject
Global
	GlobalSection(SolutionConfigurationPlatforms) = preSolution
		Debug|Any CPU = Debug|Any CPU
		PreRelease|Any CPU = PreRelease|Any CPU
		Release|Any CPU = Release|Any CPU
	EndGlobalSection
	GlobalSection(ProjectConfigurationPlatforms) = postSolution
		{F3E35A49-2597-4447-8DEA-D2AC14CCD054}.Debug|Any CPU.ActiveCfg = Debug|Any CPU
		{F3E35A49-2597-4447-8DEA-D2AC14CCD054}.Debug|Any CPU.Build.0 = Debug|Any CPU
		{F3E35A49-2597-4447-8DEA-D2AC14CCD054}.Release|Any CPU.ActiveCfg = Release|Any CPU
		{F3E35A49-2597-4447-8DEA-D2AC14CCD054}.Release|Any CPU.Build.0 = Release|Any CPU
		{F3E35A49-2597-4447-8DEA-D2AC14CCD054}.PreRelease|Any CPU.ActiveCfg = PreRelease|Any CPU
		{F3E35A49-2597-4447-8DEA-D2AC14CCD054}.PreRelease|Any CPU.Build.0 = PreRelease|Any CPU
	EndGlobalSection
	GlobalSection(SolutionProperties) = preSolution
		HideSolutionNode = FALSE
	EndGlobalSection
	GlobalSection(ExtensibilityGlobals) = postSolution
		SolutionGuid = {EE0D78FC-FC87-4516-98BA-8073CC593EAD}
	EndGlobalSection
EndGlobal
